
Microsoft Visual Studio Solution File, Format Version 12.00
# Visual Studio Version 16
VisualStudioVersion = 16.0.31005.135
MinimumVisualStudioVersion = 10.0.40219.1
Project("{D954291E-2A0B-460D-934E-DC6B0785DB48}") = "POSUNO.Shared", "POSUNO\POSUNO.Shared\POSUNO.Shared.shproj", "{6279C845-92F8-4333-AB99-3D213163593C}"
EndProject
Project("{2150E333-8FDC-42A3-9474-1A3956D46DE8}") = "Platforms", "Platforms", "{AE06CEF7-F8D1-45F5-9C5F-B29596279E56}"
EndProject
Project("{FAE04EC0-301F-11D3-BF4B-00C04F79EFBC}") = "POSUNO.Droid", "POSUNO\POSUNO.Droid\POSUNO.Droid.csproj", "{2CCD5180-E29F-4640-B586-A8D0FEBDD352}"
EndProject
Project("{FAE04EC0-301F-11D3-BF4B-00C04F79EFBC}") = "POSUNO.iOS", "POSUNO\POSUNO.iOS\POSUNO.iOS.csproj", "{B410197B-2A12-4A37-A31C-7F6703C454AE}"
EndProject
Project("{FAE04EC0-301F-11D3-BF4B-00C04F79EFBC}") = "POSUNO.UWP", "POSUNO\POSUNO.UWP\POSUNO.UWP.csproj", "{A44D79E4-67A6-4AF6-90F5-A19FAE9E5D97}"
EndProject
Project("{FAE04EC0-301F-11D3-BF4B-00C04F79EFBC}") = "POSUNO.Wasm", "POSUNO\POSUNO.Wasm\POSUNO.Wasm.csproj", "{FE67E335-E191-44BE-BB80-B47A1F6A9BAC}"
EndProject
Project("{FAE04EC0-301F-11D3-BF4B-00C04F79EFBC}") = "POSUNO.macOS", "POSUNO\POSUNO.macOS\POSUNO.macOS.csproj", "{F1212DC4-098E-4301-86DE-F8586CBFFD30}"
EndProject
Project("{FAE04EC0-301F-11D3-BF4B-00C04F79EFBC}") = "POSUNO.Skia.Wpf.Host", "POSUNO\POSUNO.Skia.Wpf.Host\POSUNO.Skia.Wpf.Host.csproj", "{88F18B91-AD40-48F5-BE17-601CE573224B}"
EndProject
Project("{FAE04EC0-301F-11D3-BF4B-00C04F79EFBC}") = "POSUNO.Skia.Wpf", "POSUNO\POSUNO.Skia.Wpf\POSUNO.Skia.Wpf.csproj", "{A5A2EEC3-4D76-494F-98FE-7B7B268B9781}"
EndProject
Project("{FAE04EC0-301F-11D3-BF4B-00C04F79EFBC}") = "POSUNO.Skia.Gtk", "POSUNO\POSUNO.Skia.Gtk\POSUNO.Skia.Gtk.csproj", "{98FF1EF2-76A8-4CDF-9663-28AFE0142970}"
EndProject
Project("{FAE04EC0-301F-11D3-BF4B-00C04F79EFBC}") = "POSUNO.Skia.Tizen", "POSUNO\POSUNO.Skia.Tizen\POSUNO.Skia.Tizen.csproj", "{8A51A26C-AB34-49A4-9A0D-78DED3BBC0D4}"
EndProject
Project("{F2A71F9B-5D33-465A-A702-920D77279786}") = "POSUNO.Api", "POSUNO.Api\POSUNO.Api.fsproj", "{36B63090-1D6A-40C0-B364-0DB24DE600B9}"
EndProject
Global
	GlobalSection(SharedMSBuildProjectFiles) = preSolution
		POSUNO\POSUNO.Shared\POSUNO.Shared.projitems*{2ccd5180-e29f-4640-b586-a8d0febdd352}*SharedItemsImports = 4
		POSUNO\POSUNO.Shared\POSUNO.Shared.projitems*{6279c845-92f8-4333-ab99-3d213163593c}*SharedItemsImports = 13
		POSUNO\POSUNO.Shared\POSUNO.Shared.projitems*{8a51a26c-ab34-49a4-9a0d-78ded3bbc0d4}*SharedItemsImports = 5
		POSUNO\POSUNO.Shared\POSUNO.Shared.projitems*{98ff1ef2-76a8-4cdf-9663-28afe0142970}*SharedItemsImports = 5
		POSUNO\POSUNO.Shared\POSUNO.Shared.projitems*{a44d79e4-67a6-4af6-90f5-a19fae9e5d97}*SharedItemsImports = 4
		POSUNO\POSUNO.Shared\POSUNO.Shared.projitems*{a5a2eec3-4d76-494f-98fe-7b7b268b9781}*SharedItemsImports = 5
		POSUNO\POSUNO.Shared\POSUNO.Shared.projitems*{b410197b-2a12-4a37-a31c-7f6703c454ae}*SharedItemsImports = 4
		POSUNO\POSUNO.Shared\POSUNO.Shared.projitems*{f1212dc4-098e-4301-86de-f8586cbffd30}*SharedItemsImports = 4
		POSUNO\POSUNO.Shared\POSUNO.Shared.projitems*{fe67e335-e191-44be-bb80-b47a1f6a9bac}*SharedItemsImports = 5
	EndGlobalSection
	GlobalSection(SolutionConfigurationPlatforms) = preSolution
		Ad-Hoc|Any CPU = Ad-Hoc|Any CPU
		Ad-Hoc|ARM = Ad-Hoc|ARM
		Ad-Hoc|ARM64 = Ad-Hoc|ARM64
		Ad-Hoc|iPhone = Ad-Hoc|iPhone
		Ad-Hoc|iPhoneSimulator = Ad-Hoc|iPhoneSimulator
		Ad-Hoc|x64 = Ad-Hoc|x64
		Ad-Hoc|x86 = Ad-Hoc|x86
		AppStore|Any CPU = AppStore|Any CPU
		AppStore|ARM = AppStore|ARM
		AppStore|ARM64 = AppStore|ARM64
		AppStore|iPhone = AppStore|iPhone
		AppStore|iPhoneSimulator = AppStore|iPhoneSimulator
		AppStore|x64 = AppStore|x64
		AppStore|x86 = AppStore|x86
		Debug|Any CPU = Debug|Any CPU
		Debug|ARM = Debug|ARM
		Debug|ARM64 = Debug|ARM64
		Debug|iPhone = Debug|iPhone
		Debug|iPhoneSimulator = Debug|iPhoneSimulator
		Debug|x64 = Debug|x64
		Debug|x86 = Debug|x86
		Release|Any CPU = Release|Any CPU
		Release|ARM = Release|ARM
		Release|ARM64 = Release|ARM64
		Release|iPhone = Release|iPhone
		Release|iPhoneSimulator = Release|iPhoneSimulator
		Release|x64 = Release|x64
		Release|x86 = Release|x86
	EndGlobalSection
	GlobalSection(ProjectConfigurationPlatforms) = postSolution
		{2CCD5180-E29F-4640-B586-A8D0FEBDD352}.Ad-Hoc|Any CPU.ActiveCfg = Debug|Any CPU
		{2CCD5180-E29F-4640-B586-A8D0FEBDD352}.Ad-Hoc|Any CPU.Build.0 = Debug|Any CPU
		{2CCD5180-E29F-4640-B586-A8D0FEBDD352}.Ad-Hoc|Any CPU.Deploy.0 = Debug|Any CPU
		{2CCD5180-E29F-4640-B586-A8D0FEBDD352}.Ad-Hoc|ARM.ActiveCfg = Debug|Any CPU
		{2CCD5180-E29F-4640-B586-A8D0FEBDD352}.Ad-Hoc|ARM.Build.0 = Debug|Any CPU
		{2CCD5180-E29F-4640-B586-A8D0FEBDD352}.Ad-Hoc|ARM.Deploy.0 = Debug|Any CPU
		{2CCD5180-E29F-4640-B586-A8D0FEBDD352}.Ad-Hoc|ARM64.ActiveCfg = Debug|Any CPU
		{2CCD5180-E29F-4640-B586-A8D0FEBDD352}.Ad-Hoc|ARM64.Build.0 = Debug|Any CPU
		{2CCD5180-E29F-4640-B586-A8D0FEBDD352}.Ad-Hoc|ARM64.Deploy.0 = Debug|Any CPU
		{2CCD5180-E29F-4640-B586-A8D0FEBDD352}.Ad-Hoc|iPhone.ActiveCfg = Debug|Any CPU
		{2CCD5180-E29F-4640-B586-A8D0FEBDD352}.Ad-Hoc|iPhone.Build.0 = Debug|Any CPU
		{2CCD5180-E29F-4640-B586-A8D0FEBDD352}.Ad-Hoc|iPhone.Deploy.0 = Debug|Any CPU
		{2CCD5180-E29F-4640-B586-A8D0FEBDD352}.Ad-Hoc|iPhoneSimulator.ActiveCfg = Debug|Any CPU
		{2CCD5180-E29F-4640-B586-A8D0FEBDD352}.Ad-Hoc|iPhoneSimulator.Build.0 = Debug|Any CPU
		{2CCD5180-E29F-4640-B586-A8D0FEBDD352}.Ad-Hoc|iPhoneSimulator.Deploy.0 = Debug|Any CPU
		{2CCD5180-E29F-4640-B586-A8D0FEBDD352}.Ad-Hoc|x64.ActiveCfg = Debug|Any CPU
		{2CCD5180-E29F-4640-B586-A8D0FEBDD352}.Ad-Hoc|x64.Build.0 = Debug|Any CPU
		{2CCD5180-E29F-4640-B586-A8D0FEBDD352}.Ad-Hoc|x64.Deploy.0 = Debug|Any CPU
		{2CCD5180-E29F-4640-B586-A8D0FEBDD352}.Ad-Hoc|x86.ActiveCfg = Debug|Any CPU
		{2CCD5180-E29F-4640-B586-A8D0FEBDD352}.Ad-Hoc|x86.Build.0 = Debug|Any CPU
		{2CCD5180-E29F-4640-B586-A8D0FEBDD352}.Ad-Hoc|x86.Deploy.0 = Debug|Any CPU
		{2CCD5180-E29F-4640-B586-A8D0FEBDD352}.AppStore|Any CPU.ActiveCfg = Debug|Any CPU
		{2CCD5180-E29F-4640-B586-A8D0FEBDD352}.AppStore|Any CPU.Build.0 = Debug|Any CPU
		{2CCD5180-E29F-4640-B586-A8D0FEBDD352}.AppStore|Any CPU.Deploy.0 = Debug|Any CPU
		{2CCD5180-E29F-4640-B586-A8D0FEBDD352}.AppStore|ARM.ActiveCfg = Debug|Any CPU
		{2CCD5180-E29F-4640-B586-A8D0FEBDD352}.AppStore|ARM.Build.0 = Debug|Any CPU
		{2CCD5180-E29F-4640-B586-A8D0FEBDD352}.AppStore|ARM.Deploy.0 = Debug|Any CPU
		{2CCD5180-E29F-4640-B586-A8D0FEBDD352}.AppStore|ARM64.ActiveCfg = Debug|Any CPU
		{2CCD5180-E29F-4640-B586-A8D0FEBDD352}.AppStore|ARM64.Build.0 = Debug|Any CPU
		{2CCD5180-E29F-4640-B586-A8D0FEBDD352}.AppStore|ARM64.Deploy.0 = Debug|Any CPU
		{2CCD5180-E29F-4640-B586-A8D0FEBDD352}.AppStore|iPhone.ActiveCfg = Debug|Any CPU
		{2CCD5180-E29F-4640-B586-A8D0FEBDD352}.AppStore|iPhone.Build.0 = Debug|Any CPU
		{2CCD5180-E29F-4640-B586-A8D0FEBDD352}.AppStore|iPhone.Deploy.0 = Debug|Any CPU
		{2CCD5180-E29F-4640-B586-A8D0FEBDD352}.AppStore|iPhoneSimulator.ActiveCfg = Debug|Any CPU
		{2CCD5180-E29F-4640-B586-A8D0FEBDD352}.AppStore|iPhoneSimulator.Build.0 = Debug|Any CPU
		{2CCD5180-E29F-4640-B586-A8D0FEBDD352}.AppStore|iPhoneSimulator.Deploy.0 = Debug|Any CPU
		{2CCD5180-E29F-4640-B586-A8D0FEBDD352}.AppStore|x64.ActiveCfg = Debug|Any CPU
		{2CCD5180-E29F-4640-B586-A8D0FEBDD352}.AppStore|x64.Build.0 = Debug|Any CPU
		{2CCD5180-E29F-4640-B586-A8D0FEBDD352}.AppStore|x64.Deploy.0 = Debug|Any CPU
		{2CCD5180-E29F-4640-B586-A8D0FEBDD352}.AppStore|x86.ActiveCfg = Debug|Any CPU
		{2CCD5180-E29F-4640-B586-A8D0FEBDD352}.AppStore|x86.Build.0 = Debug|Any CPU
		{2CCD5180-E29F-4640-B586-A8D0FEBDD352}.AppStore|x86.Deploy.0 = Debug|Any CPU
		{2CCD5180-E29F-4640-B586-A8D0FEBDD352}.Debug|Any CPU.ActiveCfg = Debug|Any CPU
		{2CCD5180-E29F-4640-B586-A8D0FEBDD352}.Debug|Any CPU.Build.0 = Debug|Any CPU
		{2CCD5180-E29F-4640-B586-A8D0FEBDD352}.Debug|Any CPU.Deploy.0 = Debug|Any CPU
		{2CCD5180-E29F-4640-B586-A8D0FEBDD352}.Debug|ARM.ActiveCfg = Debug|Any CPU
		{2CCD5180-E29F-4640-B586-A8D0FEBDD352}.Debug|ARM.Build.0 = Debug|Any CPU
		{2CCD5180-E29F-4640-B586-A8D0FEBDD352}.Debug|ARM.Deploy.0 = Debug|Any CPU
		{2CCD5180-E29F-4640-B586-A8D0FEBDD352}.Debug|ARM64.ActiveCfg = Debug|Any CPU
		{2CCD5180-E29F-4640-B586-A8D0FEBDD352}.Debug|ARM64.Build.0 = Debug|Any CPU
		{2CCD5180-E29F-4640-B586-A8D0FEBDD352}.Debug|ARM64.Deploy.0 = Debug|Any CPU
		{2CCD5180-E29F-4640-B586-A8D0FEBDD352}.Debug|iPhone.ActiveCfg = Debug|Any CPU
		{2CCD5180-E29F-4640-B586-A8D0FEBDD352}.Debug|iPhone.Build.0 = Debug|Any CPU
		{2CCD5180-E29F-4640-B586-A8D0FEBDD352}.Debug|iPhone.Deploy.0 = Debug|Any CPU
		{2CCD5180-E29F-4640-B586-A8D0FEBDD352}.Debug|iPhoneSimulator.ActiveCfg = Debug|Any CPU
		{2CCD5180-E29F-4640-B586-A8D0FEBDD352}.Debug|iPhoneSimulator.Build.0 = Debug|Any CPU
		{2CCD5180-E29F-4640-B586-A8D0FEBDD352}.Debug|iPhoneSimulator.Deploy.0 = Debug|Any CPU
		{2CCD5180-E29F-4640-B586-A8D0FEBDD352}.Debug|x64.ActiveCfg = Debug|Any CPU
		{2CCD5180-E29F-4640-B586-A8D0FEBDD352}.Debug|x64.Build.0 = Debug|Any CPU
		{2CCD5180-E29F-4640-B586-A8D0FEBDD352}.Debug|x64.Deploy.0 = Debug|Any CPU
		{2CCD5180-E29F-4640-B586-A8D0FEBDD352}.Debug|x86.ActiveCfg = Debug|Any CPU
		{2CCD5180-E29F-4640-B586-A8D0FEBDD352}.Debug|x86.Build.0 = Debug|Any CPU
		{2CCD5180-E29F-4640-B586-A8D0FEBDD352}.Debug|x86.Deploy.0 = Debug|Any CPU
		{2CCD5180-E29F-4640-B586-A8D0FEBDD352}.Release|Any CPU.ActiveCfg = Release|Any CPU
		{2CCD5180-E29F-4640-B586-A8D0FEBDD352}.Release|Any CPU.Build.0 = Release|Any CPU
		{2CCD5180-E29F-4640-B586-A8D0FEBDD352}.Release|Any CPU.Deploy.0 = Release|Any CPU
		{2CCD5180-E29F-4640-B586-A8D0FEBDD352}.Release|ARM.ActiveCfg = Release|Any CPU
		{2CCD5180-E29F-4640-B586-A8D0FEBDD352}.Release|ARM.Build.0 = Release|Any CPU
		{2CCD5180-E29F-4640-B586-A8D0FEBDD352}.Release|ARM.Deploy.0 = Release|Any CPU
		{2CCD5180-E29F-4640-B586-A8D0FEBDD352}.Release|ARM64.ActiveCfg = Release|Any CPU
		{2CCD5180-E29F-4640-B586-A8D0FEBDD352}.Release|ARM64.Build.0 = Release|Any CPU
		{2CCD5180-E29F-4640-B586-A8D0FEBDD352}.Release|ARM64.Deploy.0 = Release|Any CPU
		{2CCD5180-E29F-4640-B586-A8D0FEBDD352}.Release|iPhone.ActiveCfg = Release|Any CPU
		{2CCD5180-E29F-4640-B586-A8D0FEBDD352}.Release|iPhone.Build.0 = Release|Any CPU
		{2CCD5180-E29F-4640-B586-A8D0FEBDD352}.Release|iPhone.Deploy.0 = Release|Any CPU
		{2CCD5180-E29F-4640-B586-A8D0FEBDD352}.Release|iPhoneSimulator.ActiveCfg = Release|Any CPU
		{2CCD5180-E29F-4640-B586-A8D0FEBDD352}.Release|iPhoneSimulator.Build.0 = Release|Any CPU
		{2CCD5180-E29F-4640-B586-A8D0FEBDD352}.Release|iPhoneSimulator.Deploy.0 = Release|Any CPU
		{2CCD5180-E29F-4640-B586-A8D0FEBDD352}.Release|x64.ActiveCfg = Release|Any CPU
		{2CCD5180-E29F-4640-B586-A8D0FEBDD352}.Release|x64.Build.0 = Release|Any CPU
		{2CCD5180-E29F-4640-B586-A8D0FEBDD352}.Release|x64.Deploy.0 = Release|Any CPU
		{2CCD5180-E29F-4640-B586-A8D0FEBDD352}.Release|x86.ActiveCfg = Release|Any CPU
		{2CCD5180-E29F-4640-B586-A8D0FEBDD352}.Release|x86.Build.0 = Release|Any CPU
		{2CCD5180-E29F-4640-B586-A8D0FEBDD352}.Release|x86.Deploy.0 = Release|Any CPU
		{B410197B-2A12-4A37-A31C-7F6703C454AE}.Ad-Hoc|Any CPU.ActiveCfg = Ad-Hoc|iPhoneSimulator
		{B410197B-2A12-4A37-A31C-7F6703C454AE}.Ad-Hoc|ARM.ActiveCfg = Ad-Hoc|iPhoneSimulator
		{B410197B-2A12-4A37-A31C-7F6703C454AE}.Ad-Hoc|ARM64.ActiveCfg = Ad-Hoc|iPhoneSimulator
		{B410197B-2A12-4A37-A31C-7F6703C454AE}.Ad-Hoc|iPhone.ActiveCfg = Ad-Hoc|iPhone
		{B410197B-2A12-4A37-A31C-7F6703C454AE}.Ad-Hoc|iPhone.Build.0 = Ad-Hoc|iPhone
		{B410197B-2A12-4A37-A31C-7F6703C454AE}.Ad-Hoc|iPhoneSimulator.ActiveCfg = Ad-Hoc|iPhoneSimulator
		{B410197B-2A12-4A37-A31C-7F6703C454AE}.Ad-Hoc|iPhoneSimulator.Build.0 = Ad-Hoc|iPhoneSimulator
		{B410197B-2A12-4A37-A31C-7F6703C454AE}.Ad-Hoc|x64.ActiveCfg = Ad-Hoc|iPhoneSimulator
		{B410197B-2A12-4A37-A31C-7F6703C454AE}.Ad-Hoc|x86.ActiveCfg = Ad-Hoc|iPhoneSimulator
		{B410197B-2A12-4A37-A31C-7F6703C454AE}.AppStore|Any CPU.ActiveCfg = AppStore|iPhoneSimulator
		{B410197B-2A12-4A37-A31C-7F6703C454AE}.AppStore|ARM.ActiveCfg = AppStore|iPhoneSimulator
		{B410197B-2A12-4A37-A31C-7F6703C454AE}.AppStore|ARM64.ActiveCfg = AppStore|iPhoneSimulator
		{B410197B-2A12-4A37-A31C-7F6703C454AE}.AppStore|iPhone.ActiveCfg = AppStore|iPhone
		{B410197B-2A12-4A37-A31C-7F6703C454AE}.AppStore|iPhone.Build.0 = AppStore|iPhone
		{B410197B-2A12-4A37-A31C-7F6703C454AE}.AppStore|iPhoneSimulator.ActiveCfg = AppStore|iPhoneSimulator
		{B410197B-2A12-4A37-A31C-7F6703C454AE}.AppStore|iPhoneSimulator.Build.0 = AppStore|iPhoneSimulator
		{B410197B-2A12-4A37-A31C-7F6703C454AE}.AppStore|x64.ActiveCfg = AppStore|iPhoneSimulator
		{B410197B-2A12-4A37-A31C-7F6703C454AE}.AppStore|x86.ActiveCfg = AppStore|iPhoneSimulator
		{B410197B-2A12-4A37-A31C-7F6703C454AE}.Debug|Any CPU.ActiveCfg = Debug|iPhoneSimulator
		{B410197B-2A12-4A37-A31C-7F6703C454AE}.Debug|ARM.ActiveCfg = Debug|iPhoneSimulator
		{B410197B-2A12-4A37-A31C-7F6703C454AE}.Debug|ARM64.ActiveCfg = Debug|iPhoneSimulator
		{B410197B-2A12-4A37-A31C-7F6703C454AE}.Debug|iPhone.ActiveCfg = Debug|iPhone
		{B410197B-2A12-4A37-A31C-7F6703C454AE}.Debug|iPhone.Build.0 = Debug|iPhone
		{B410197B-2A12-4A37-A31C-7F6703C454AE}.Debug|iPhoneSimulator.ActiveCfg = Debug|iPhoneSimulator
		{B410197B-2A12-4A37-A31C-7F6703C454AE}.Debug|iPhoneSimulator.Build.0 = Debug|iPhoneSimulator
		{B410197B-2A12-4A37-A31C-7F6703C454AE}.Debug|x64.ActiveCfg = Debug|iPhoneSimulator
		{B410197B-2A12-4A37-A31C-7F6703C454AE}.Debug|x86.ActiveCfg = Debug|iPhoneSimulator
		{B410197B-2A12-4A37-A31C-7F6703C454AE}.Release|Any CPU.ActiveCfg = Release|iPhoneSimulator
		{B410197B-2A12-4A37-A31C-7F6703C454AE}.Release|ARM.ActiveCfg = Release|iPhoneSimulator
		{B410197B-2A12-4A37-A31C-7F6703C454AE}.Release|ARM64.ActiveCfg = Release|iPhoneSimulator
		{B410197B-2A12-4A37-A31C-7F6703C454AE}.Release|iPhone.ActiveCfg = Release|iPhone
		{B410197B-2A12-4A37-A31C-7F6703C454AE}.Release|iPhone.Build.0 = Release|iPhone
		{B410197B-2A12-4A37-A31C-7F6703C454AE}.Release|iPhoneSimulator.ActiveCfg = Release|iPhoneSimulator
		{B410197B-2A12-4A37-A31C-7F6703C454AE}.Release|iPhoneSimulator.Build.0 = Release|iPhoneSimulator
		{B410197B-2A12-4A37-A31C-7F6703C454AE}.Release|x64.ActiveCfg = Release|iPhoneSimulator
		{B410197B-2A12-4A37-A31C-7F6703C454AE}.Release|x86.ActiveCfg = Release|iPhoneSimulator
		{A44D79E4-67A6-4AF6-90F5-A19FAE9E5D97}.Ad-Hoc|Any CPU.ActiveCfg = Debug|x86
		{A44D79E4-67A6-4AF6-90F5-A19FAE9E5D97}.Ad-Hoc|Any CPU.Build.0 = Debug|x86
		{A44D79E4-67A6-4AF6-90F5-A19FAE9E5D97}.Ad-Hoc|Any CPU.Deploy.0 = Debug|x86
		{A44D79E4-67A6-4AF6-90F5-A19FAE9E5D97}.Ad-Hoc|ARM.ActiveCfg = Debug|ARM
		{A44D79E4-67A6-4AF6-90F5-A19FAE9E5D97}.Ad-Hoc|ARM.Build.0 = Debug|ARM
		{A44D79E4-67A6-4AF6-90F5-A19FAE9E5D97}.Ad-Hoc|ARM.Deploy.0 = Debug|ARM
		{A44D79E4-67A6-4AF6-90F5-A19FAE9E5D97}.Ad-Hoc|ARM64.ActiveCfg = Debug|ARM64
		{A44D79E4-67A6-4AF6-90F5-A19FAE9E5D97}.Ad-Hoc|ARM64.Build.0 = Debug|ARM64
		{A44D79E4-67A6-4AF6-90F5-A19FAE9E5D97}.Ad-Hoc|ARM64.Deploy.0 = Debug|ARM64
		{A44D79E4-67A6-4AF6-90F5-A19FAE9E5D97}.Ad-Hoc|iPhone.ActiveCfg = Debug|x86
		{A44D79E4-67A6-4AF6-90F5-A19FAE9E5D97}.Ad-Hoc|iPhone.Build.0 = Debug|x86
		{A44D79E4-67A6-4AF6-90F5-A19FAE9E5D97}.Ad-Hoc|iPhone.Deploy.0 = Debug|x86
		{A44D79E4-67A6-4AF6-90F5-A19FAE9E5D97}.Ad-Hoc|iPhoneSimulator.ActiveCfg = Debug|x86
		{A44D79E4-67A6-4AF6-90F5-A19FAE9E5D97}.Ad-Hoc|iPhoneSimulator.Build.0 = Debug|x86
		{A44D79E4-67A6-4AF6-90F5-A19FAE9E5D97}.Ad-Hoc|iPhoneSimulator.Deploy.0 = Debug|x86
		{A44D79E4-67A6-4AF6-90F5-A19FAE9E5D97}.Ad-Hoc|x64.ActiveCfg = Debug|x64
		{A44D79E4-67A6-4AF6-90F5-A19FAE9E5D97}.Ad-Hoc|x64.Build.0 = Debug|x64
		{A44D79E4-67A6-4AF6-90F5-A19FAE9E5D97}.Ad-Hoc|x64.Deploy.0 = Debug|x64
		{A44D79E4-67A6-4AF6-90F5-A19FAE9E5D97}.Ad-Hoc|x86.ActiveCfg = Debug|x86
		{A44D79E4-67A6-4AF6-90F5-A19FAE9E5D97}.Ad-Hoc|x86.Build.0 = Debug|x86
		{A44D79E4-67A6-4AF6-90F5-A19FAE9E5D97}.Ad-Hoc|x86.Deploy.0 = Debug|x86
		{A44D79E4-67A6-4AF6-90F5-A19FAE9E5D97}.AppStore|Any CPU.ActiveCfg = Debug|x86
		{A44D79E4-67A6-4AF6-90F5-A19FAE9E5D97}.AppStore|Any CPU.Build.0 = Debug|x86
		{A44D79E4-67A6-4AF6-90F5-A19FAE9E5D97}.AppStore|Any CPU.Deploy.0 = Debug|x86
		{A44D79E4-67A6-4AF6-90F5-A19FAE9E5D97}.AppStore|ARM.ActiveCfg = Debug|ARM
		{A44D79E4-67A6-4AF6-90F5-A19FAE9E5D97}.AppStore|ARM.Build.0 = Debug|ARM
		{A44D79E4-67A6-4AF6-90F5-A19FAE9E5D97}.AppStore|ARM.Deploy.0 = Debug|ARM
		{A44D79E4-67A6-4AF6-90F5-A19FAE9E5D97}.AppStore|ARM64.ActiveCfg = Debug|ARM64
		{A44D79E4-67A6-4AF6-90F5-A19FAE9E5D97}.AppStore|ARM64.Build.0 = Debug|ARM64
		{A44D79E4-67A6-4AF6-90F5-A19FAE9E5D97}.AppStore|ARM64.Deploy.0 = Debug|ARM64
		{A44D79E4-67A6-4AF6-90F5-A19FAE9E5D97}.AppStore|iPhone.ActiveCfg = Debug|x86
		{A44D79E4-67A6-4AF6-90F5-A19FAE9E5D97}.AppStore|iPhone.Build.0 = Debug|x86
		{A44D79E4-67A6-4AF6-90F5-A19FAE9E5D97}.AppStore|iPhone.Deploy.0 = Debug|x86
		{A44D79E4-67A6-4AF6-90F5-A19FAE9E5D97}.AppStore|iPhoneSimulator.ActiveCfg = Debug|x86
		{A44D79E4-67A6-4AF6-90F5-A19FAE9E5D97}.AppStore|iPhoneSimulator.Build.0 = Debug|x86
		{A44D79E4-67A6-4AF6-90F5-A19FAE9E5D97}.AppStore|iPhoneSimulator.Deploy.0 = Debug|x86
		{A44D79E4-67A6-4AF6-90F5-A19FAE9E5D97}.AppStore|x64.ActiveCfg = Debug|x64
		{A44D79E4-67A6-4AF6-90F5-A19FAE9E5D97}.AppStore|x64.Build.0 = Debug|x64
		{A44D79E4-67A6-4AF6-90F5-A19FAE9E5D97}.AppStore|x64.Deploy.0 = Debug|x64
		{A44D79E4-67A6-4AF6-90F5-A19FAE9E5D97}.AppStore|x86.ActiveCfg = Debug|x86
		{A44D79E4-67A6-4AF6-90F5-A19FAE9E5D97}.AppStore|x86.Build.0 = Debug|x86
		{A44D79E4-67A6-4AF6-90F5-A19FAE9E5D97}.AppStore|x86.Deploy.0 = Debug|x86
		{A44D79E4-67A6-4AF6-90F5-A19FAE9E5D97}.Debug|Any CPU.ActiveCfg = Debug|x86
		{A44D79E4-67A6-4AF6-90F5-A19FAE9E5D97}.Debug|Any CPU.Build.0 = Debug|x86
		{A44D79E4-67A6-4AF6-90F5-A19FAE9E5D97}.Debug|Any CPU.Deploy.0 = Debug|x86
		{A44D79E4-67A6-4AF6-90F5-A19FAE9E5D97}.Debug|ARM.ActiveCfg = Debug|ARM
		{A44D79E4-67A6-4AF6-90F5-A19FAE9E5D97}.Debug|ARM.Build.0 = Debug|ARM
		{A44D79E4-67A6-4AF6-90F5-A19FAE9E5D97}.Debug|ARM.Deploy.0 = Debug|ARM
		{A44D79E4-67A6-4AF6-90F5-A19FAE9E5D97}.Debug|ARM64.ActiveCfg = Debug|ARM64
		{A44D79E4-67A6-4AF6-90F5-A19FAE9E5D97}.Debug|ARM64.Build.0 = Debug|ARM64
		{A44D79E4-67A6-4AF6-90F5-A19FAE9E5D97}.Debug|ARM64.Deploy.0 = Debug|ARM64
		{A44D79E4-67A6-4AF6-90F5-A19FAE9E5D97}.Debug|iPhone.ActiveCfg = Debug|x86
		{A44D79E4-67A6-4AF6-90F5-A19FAE9E5D97}.Debug|iPhoneSimulator.ActiveCfg = Debug|x86
		{A44D79E4-67A6-4AF6-90F5-A19FAE9E5D97}.Debug|x64.ActiveCfg = Debug|x64
		{A44D79E4-67A6-4AF6-90F5-A19FAE9E5D97}.Debug|x64.Build.0 = Debug|x64
		{A44D79E4-67A6-4AF6-90F5-A19FAE9E5D97}.Debug|x64.Deploy.0 = Debug|x64
		{A44D79E4-67A6-4AF6-90F5-A19FAE9E5D97}.Debug|x86.ActiveCfg = Debug|x86
		{A44D79E4-67A6-4AF6-90F5-A19FAE9E5D97}.Debug|x86.Build.0 = Debug|x86
		{A44D79E4-67A6-4AF6-90F5-A19FAE9E5D97}.Debug|x86.Deploy.0 = Debug|x86
		{A44D79E4-67A6-4AF6-90F5-A19FAE9E5D97}.Release|Any CPU.ActiveCfg = Release|x86
		{A44D79E4-67A6-4AF6-90F5-A19FAE9E5D97}.Release|ARM.ActiveCfg = Release|ARM
		{A44D79E4-67A6-4AF6-90F5-A19FAE9E5D97}.Release|ARM.Build.0 = Release|ARM
		{A44D79E4-67A6-4AF6-90F5-A19FAE9E5D97}.Release|ARM.Deploy.0 = Release|ARM
		{A44D79E4-67A6-4AF6-90F5-A19FAE9E5D97}.Release|ARM64.ActiveCfg = Release|ARM64
		{A44D79E4-67A6-4AF6-90F5-A19FAE9E5D97}.Release|ARM64.Build.0 = Release|ARM64
		{A44D79E4-67A6-4AF6-90F5-A19FAE9E5D97}.Release|ARM64.Deploy.0 = Release|ARM64
		{A44D79E4-67A6-4AF6-90F5-A19FAE9E5D97}.Release|iPhone.ActiveCfg = Release|x86
		{A44D79E4-67A6-4AF6-90F5-A19FAE9E5D97}.Release|iPhoneSimulator.ActiveCfg = Release|x86
		{A44D79E4-67A6-4AF6-90F5-A19FAE9E5D97}.Release|x64.ActiveCfg = Release|x64
		{A44D79E4-67A6-4AF6-90F5-A19FAE9E5D97}.Release|x64.Build.0 = Release|x64
		{A44D79E4-67A6-4AF6-90F5-A19FAE9E5D97}.Release|x64.Deploy.0 = Release|x64
		{A44D79E4-67A6-4AF6-90F5-A19FAE9E5D97}.Release|x86.ActiveCfg = Release|x86
		{A44D79E4-67A6-4AF6-90F5-A19FAE9E5D97}.Release|x86.Build.0 = Release|x86
		{A44D79E4-67A6-4AF6-90F5-A19FAE9E5D97}.Release|x86.Deploy.0 = Release|x86
		{FE67E335-E191-44BE-BB80-B47A1F6A9BAC}.Ad-Hoc|Any CPU.ActiveCfg = Debug|Any CPU
		{FE67E335-E191-44BE-BB80-B47A1F6A9BAC}.Ad-Hoc|Any CPU.Build.0 = Debug|Any CPU
		{FE67E335-E191-44BE-BB80-B47A1F6A9BAC}.Ad-Hoc|ARM.ActiveCfg = Debug|Any CPU
		{FE67E335-E191-44BE-BB80-B47A1F6A9BAC}.Ad-Hoc|ARM.Build.0 = Debug|Any CPU
		{FE67E335-E191-44BE-BB80-B47A1F6A9BAC}.Ad-Hoc|ARM64.ActiveCfg = Debug|Any CPU
		{FE67E335-E191-44BE-BB80-B47A1F6A9BAC}.Ad-Hoc|ARM64.Build.0 = Debug|Any CPU
		{FE67E335-E191-44BE-BB80-B47A1F6A9BAC}.Ad-Hoc|iPhone.ActiveCfg = Debug|Any CPU
		{FE67E335-E191-44BE-BB80-B47A1F6A9BAC}.Ad-Hoc|iPhone.Build.0 = Debug|Any CPU
		{FE67E335-E191-44BE-BB80-B47A1F6A9BAC}.Ad-Hoc|iPhoneSimulator.ActiveCfg = Debug|Any CPU
		{FE67E335-E191-44BE-BB80-B47A1F6A9BAC}.Ad-Hoc|iPhoneSimulator.Build.0 = Debug|Any CPU
		{FE67E335-E191-44BE-BB80-B47A1F6A9BAC}.Ad-Hoc|x64.ActiveCfg = Debug|Any CPU
		{FE67E335-E191-44BE-BB80-B47A1F6A9BAC}.Ad-Hoc|x64.Build.0 = Debug|Any CPU
		{FE67E335-E191-44BE-BB80-B47A1F6A9BAC}.Ad-Hoc|x86.ActiveCfg = Debug|Any CPU
		{FE67E335-E191-44BE-BB80-B47A1F6A9BAC}.Ad-Hoc|x86.Build.0 = Debug|Any CPU
		{FE67E335-E191-44BE-BB80-B47A1F6A9BAC}.AppStore|Any CPU.ActiveCfg = Debug|Any CPU
		{FE67E335-E191-44BE-BB80-B47A1F6A9BAC}.AppStore|Any CPU.Build.0 = Debug|Any CPU
		{FE67E335-E191-44BE-BB80-B47A1F6A9BAC}.AppStore|ARM.ActiveCfg = Debug|Any CPU
		{FE67E335-E191-44BE-BB80-B47A1F6A9BAC}.AppStore|ARM.Build.0 = Debug|Any CPU
		{FE67E335-E191-44BE-BB80-B47A1F6A9BAC}.AppStore|ARM64.ActiveCfg = Debug|Any CPU
		{FE67E335-E191-44BE-BB80-B47A1F6A9BAC}.AppStore|ARM64.Build.0 = Debug|Any CPU
		{FE67E335-E191-44BE-BB80-B47A1F6A9BAC}.AppStore|iPhone.ActiveCfg = Debug|Any CPU
		{FE67E335-E191-44BE-BB80-B47A1F6A9BAC}.AppStore|iPhone.Build.0 = Debug|Any CPU
		{FE67E335-E191-44BE-BB80-B47A1F6A9BAC}.AppStore|iPhoneSimulator.ActiveCfg = Debug|Any CPU
		{FE67E335-E191-44BE-BB80-B47A1F6A9BAC}.AppStore|iPhoneSimulator.Build.0 = Debug|Any CPU
		{FE67E335-E191-44BE-BB80-B47A1F6A9BAC}.AppStore|x64.ActiveCfg = Debug|Any CPU
		{FE67E335-E191-44BE-BB80-B47A1F6A9BAC}.AppStore|x64.Build.0 = Debug|Any CPU
		{FE67E335-E191-44BE-BB80-B47A1F6A9BAC}.AppStore|x86.ActiveCfg = Debug|Any CPU
		{FE67E335-E191-44BE-BB80-B47A1F6A9BAC}.AppStore|x86.Build.0 = Debug|Any CPU
		{FE67E335-E191-44BE-BB80-B47A1F6A9BAC}.Debug|Any CPU.ActiveCfg = Debug|Any CPU
		{FE67E335-E191-44BE-BB80-B47A1F6A9BAC}.Debug|Any CPU.Build.0 = Debug|Any CPU
		{FE67E335-E191-44BE-BB80-B47A1F6A9BAC}.Debug|ARM.ActiveCfg = Debug|Any CPU
		{FE67E335-E191-44BE-BB80-B47A1F6A9BAC}.Debug|ARM.Build.0 = Debug|Any CPU
		{FE67E335-E191-44BE-BB80-B47A1F6A9BAC}.Debug|ARM64.ActiveCfg = Debug|Any CPU
		{FE67E335-E191-44BE-BB80-B47A1F6A9BAC}.Debug|ARM64.Build.0 = Debug|Any CPU
		{FE67E335-E191-44BE-BB80-B47A1F6A9BAC}.Debug|iPhone.ActiveCfg = Debug|Any CPU
		{FE67E335-E191-44BE-BB80-B47A1F6A9BAC}.Debug|iPhone.Build.0 = Debug|Any CPU
		{FE67E335-E191-44BE-BB80-B47A1F6A9BAC}.Debug|iPhoneSimulator.ActiveCfg = Debug|Any CPU
		{FE67E335-E191-44BE-BB80-B47A1F6A9BAC}.Debug|iPhoneSimulator.Build.0 = Debug|Any CPU
		{FE67E335-E191-44BE-BB80-B47A1F6A9BAC}.Debug|x64.ActiveCfg = Debug|Any CPU
		{FE67E335-E191-44BE-BB80-B47A1F6A9BAC}.Debug|x64.Build.0 = Debug|Any CPU
		{FE67E335-E191-44BE-BB80-B47A1F6A9BAC}.Debug|x86.ActiveCfg = Debug|Any CPU
		{FE67E335-E191-44BE-BB80-B47A1F6A9BAC}.Debug|x86.Build.0 = Debug|Any CPU
		{FE67E335-E191-44BE-BB80-B47A1F6A9BAC}.Release|Any CPU.ActiveCfg = Release|Any CPU
		{FE67E335-E191-44BE-BB80-B47A1F6A9BAC}.Release|Any CPU.Build.0 = Release|Any CPU
		{FE67E335-E191-44BE-BB80-B47A1F6A9BAC}.Release|ARM.ActiveCfg = Release|Any CPU
		{FE67E335-E191-44BE-BB80-B47A1F6A9BAC}.Release|ARM.Build.0 = Release|Any CPU
		{FE67E335-E191-44BE-BB80-B47A1F6A9BAC}.Release|ARM64.ActiveCfg = Release|Any CPU
		{FE67E335-E191-44BE-BB80-B47A1F6A9BAC}.Release|ARM64.Build.0 = Release|Any CPU
		{FE67E335-E191-44BE-BB80-B47A1F6A9BAC}.Release|iPhone.ActiveCfg = Release|Any CPU
		{FE67E335-E191-44BE-BB80-B47A1F6A9BAC}.Release|iPhone.Build.0 = Release|Any CPU
		{FE67E335-E191-44BE-BB80-B47A1F6A9BAC}.Release|iPhoneSimulator.ActiveCfg = Release|Any CPU
		{FE67E335-E191-44BE-BB80-B47A1F6A9BAC}.Release|iPhoneSimulator.Build.0 = Release|Any CPU
		{FE67E335-E191-44BE-BB80-B47A1F6A9BAC}.Release|x64.ActiveCfg = Release|Any CPU
		{FE67E335-E191-44BE-BB80-B47A1F6A9BAC}.Release|x64.Build.0 = Release|Any CPU
		{FE67E335-E191-44BE-BB80-B47A1F6A9BAC}.Release|x86.ActiveCfg = Release|Any CPU
		{FE67E335-E191-44BE-BB80-B47A1F6A9BAC}.Release|x86.Build.0 = Release|Any CPU
		{F1212DC4-098E-4301-86DE-F8586CBFFD30}.Ad-Hoc|Any CPU.ActiveCfg = Debug|iPhoneSimulator
		{F1212DC4-098E-4301-86DE-F8586CBFFD30}.Ad-Hoc|Any CPU.Build.0 = Debug|iPhoneSimulator
		{F1212DC4-098E-4301-86DE-F8586CBFFD30}.Ad-Hoc|ARM.ActiveCfg = Debug|iPhoneSimulator
		{F1212DC4-098E-4301-86DE-F8586CBFFD30}.Ad-Hoc|ARM.Build.0 = Debug|iPhoneSimulator
		{F1212DC4-098E-4301-86DE-F8586CBFFD30}.Ad-Hoc|ARM64.ActiveCfg = Debug|iPhoneSimulator
		{F1212DC4-098E-4301-86DE-F8586CBFFD30}.Ad-Hoc|ARM64.Build.0 = Debug|iPhoneSimulator
		{F1212DC4-098E-4301-86DE-F8586CBFFD30}.Ad-Hoc|iPhone.ActiveCfg = Debug|iPhoneSimulator
		{F1212DC4-098E-4301-86DE-F8586CBFFD30}.Ad-Hoc|iPhone.Build.0 = Debug|iPhoneSimulator
		{F1212DC4-098E-4301-86DE-F8586CBFFD30}.Ad-Hoc|iPhoneSimulator.ActiveCfg = Debug|iPhoneSimulator
		{F1212DC4-098E-4301-86DE-F8586CBFFD30}.Ad-Hoc|iPhoneSimulator.Build.0 = Debug|iPhoneSimulator
		{F1212DC4-098E-4301-86DE-F8586CBFFD30}.Ad-Hoc|x64.ActiveCfg = Debug|iPhoneSimulator
		{F1212DC4-098E-4301-86DE-F8586CBFFD30}.Ad-Hoc|x64.Build.0 = Debug|iPhoneSimulator
		{F1212DC4-098E-4301-86DE-F8586CBFFD30}.Ad-Hoc|x86.ActiveCfg = Debug|iPhoneSimulator
		{F1212DC4-098E-4301-86DE-F8586CBFFD30}.Ad-Hoc|x86.Build.0 = Debug|iPhoneSimulator
		{F1212DC4-098E-4301-86DE-F8586CBFFD30}.AppStore|Any CPU.ActiveCfg = Debug|iPhoneSimulator
		{F1212DC4-098E-4301-86DE-F8586CBFFD30}.AppStore|Any CPU.Build.0 = Debug|iPhoneSimulator
		{F1212DC4-098E-4301-86DE-F8586CBFFD30}.AppStore|ARM.ActiveCfg = Debug|iPhoneSimulator
		{F1212DC4-098E-4301-86DE-F8586CBFFD30}.AppStore|ARM.Build.0 = Debug|iPhoneSimulator
		{F1212DC4-098E-4301-86DE-F8586CBFFD30}.AppStore|ARM64.ActiveCfg = Debug|iPhoneSimulator
		{F1212DC4-098E-4301-86DE-F8586CBFFD30}.AppStore|ARM64.Build.0 = Debug|iPhoneSimulator
		{F1212DC4-098E-4301-86DE-F8586CBFFD30}.AppStore|iPhone.ActiveCfg = Debug|iPhoneSimulator
		{F1212DC4-098E-4301-86DE-F8586CBFFD30}.AppStore|iPhone.Build.0 = Debug|iPhoneSimulator
		{F1212DC4-098E-4301-86DE-F8586CBFFD30}.AppStore|iPhoneSimulator.ActiveCfg = Debug|iPhoneSimulator
		{F1212DC4-098E-4301-86DE-F8586CBFFD30}.AppStore|iPhoneSimulator.Build.0 = Debug|iPhoneSimulator
		{F1212DC4-098E-4301-86DE-F8586CBFFD30}.AppStore|x64.ActiveCfg = Debug|iPhoneSimulator
		{F1212DC4-098E-4301-86DE-F8586CBFFD30}.AppStore|x64.Build.0 = Debug|iPhoneSimulator
		{F1212DC4-098E-4301-86DE-F8586CBFFD30}.AppStore|x86.ActiveCfg = Debug|iPhoneSimulator
		{F1212DC4-098E-4301-86DE-F8586CBFFD30}.AppStore|x86.Build.0 = Debug|iPhoneSimulator
		{F1212DC4-098E-4301-86DE-F8586CBFFD30}.Debug|Any CPU.ActiveCfg = Debug|iPhoneSimulator
		{F1212DC4-098E-4301-86DE-F8586CBFFD30}.Debug|ARM.ActiveCfg = Debug|iPhoneSimulator
		{F1212DC4-098E-4301-86DE-F8586CBFFD30}.Debug|ARM64.ActiveCfg = Debug|iPhoneSimulator
		{F1212DC4-098E-4301-86DE-F8586CBFFD30}.Debug|iPhone.ActiveCfg = Debug|iPhoneSimulator
		{F1212DC4-098E-4301-86DE-F8586CBFFD30}.Debug|iPhoneSimulator.ActiveCfg = Debug|iPhoneSimulator
		{F1212DC4-098E-4301-86DE-F8586CBFFD30}.Debug|iPhoneSimulator.Build.0 = Debug|iPhoneSimulator
		{F1212DC4-098E-4301-86DE-F8586CBFFD30}.Debug|x64.ActiveCfg = Debug|iPhoneSimulator
		{F1212DC4-098E-4301-86DE-F8586CBFFD30}.Debug|x86.ActiveCfg = Debug|iPhoneSimulator
		{F1212DC4-098E-4301-86DE-F8586CBFFD30}.Release|Any CPU.ActiveCfg = Release|iPhoneSimulator
		{F1212DC4-098E-4301-86DE-F8586CBFFD30}.Release|ARM.ActiveCfg = Release|iPhoneSimulator
		{F1212DC4-098E-4301-86DE-F8586CBFFD30}.Release|ARM64.ActiveCfg = Release|iPhoneSimulator
		{F1212DC4-098E-4301-86DE-F8586CBFFD30}.Release|iPhone.ActiveCfg = Release|iPhoneSimulator
		{F1212DC4-098E-4301-86DE-F8586CBFFD30}.Release|iPhoneSimulator.ActiveCfg = Release|iPhoneSimulator
		{F1212DC4-098E-4301-86DE-F8586CBFFD30}.Release|iPhoneSimulator.Build.0 = Release|iPhoneSimulator
		{F1212DC4-098E-4301-86DE-F8586CBFFD30}.Release|x64.ActiveCfg = Release|iPhoneSimulator
		{F1212DC4-098E-4301-86DE-F8586CBFFD30}.Release|x86.ActiveCfg = Release|iPhoneSimulator
		{88F18B91-AD40-48F5-BE17-601CE573224B}.Ad-Hoc|Any CPU.ActiveCfg = Debug|Any CPU
		{88F18B91-AD40-48F5-BE17-601CE573224B}.Ad-Hoc|Any CPU.Build.0 = Debug|Any CPU
		{88F18B91-AD40-48F5-BE17-601CE573224B}.Ad-Hoc|ARM.ActiveCfg = Debug|Any CPU
		{88F18B91-AD40-48F5-BE17-601CE573224B}.Ad-Hoc|ARM.Build.0 = Debug|Any CPU
		{88F18B91-AD40-48F5-BE17-601CE573224B}.Ad-Hoc|ARM64.ActiveCfg = Debug|Any CPU
		{88F18B91-AD40-48F5-BE17-601CE573224B}.Ad-Hoc|ARM64.Build.0 = Debug|Any CPU
		{88F18B91-AD40-48F5-BE17-601CE573224B}.Ad-Hoc|iPhone.ActiveCfg = Debug|Any CPU
		{88F18B91-AD40-48F5-BE17-601CE573224B}.Ad-Hoc|iPhone.Build.0 = Debug|Any CPU
		{88F18B91-AD40-48F5-BE17-601CE573224B}.Ad-Hoc|iPhoneSimulator.ActiveCfg = Debug|Any CPU
		{88F18B91-AD40-48F5-BE17-601CE573224B}.Ad-Hoc|iPhoneSimulator.Build.0 = Debug|Any CPU
		{88F18B91-AD40-48F5-BE17-601CE573224B}.Ad-Hoc|x64.ActiveCfg = Debug|Any CPU
		{88F18B91-AD40-48F5-BE17-601CE573224B}.Ad-Hoc|x64.Build.0 = Debug|Any CPU
		{88F18B91-AD40-48F5-BE17-601CE573224B}.Ad-Hoc|x86.ActiveCfg = Debug|Any CPU
		{88F18B91-AD40-48F5-BE17-601CE573224B}.Ad-Hoc|x86.Build.0 = Debug|Any CPU
		{88F18B91-AD40-48F5-BE17-601CE573224B}.AppStore|Any CPU.ActiveCfg = Debug|Any CPU
		{88F18B91-AD40-48F5-BE17-601CE573224B}.AppStore|Any CPU.Build.0 = Debug|Any CPU
		{88F18B91-AD40-48F5-BE17-601CE573224B}.AppStore|ARM.ActiveCfg = Debug|Any CPU
		{88F18B91-AD40-48F5-BE17-601CE573224B}.AppStore|ARM.Build.0 = Debug|Any CPU
		{88F18B91-AD40-48F5-BE17-601CE573224B}.AppStore|ARM64.ActiveCfg = Debug|Any CPU
		{88F18B91-AD40-48F5-BE17-601CE573224B}.AppStore|ARM64.Build.0 = Debug|Any CPU
		{88F18B91-AD40-48F5-BE17-601CE573224B}.AppStore|iPhone.ActiveCfg = Debug|Any CPU
		{88F18B91-AD40-48F5-BE17-601CE573224B}.AppStore|iPhone.Build.0 = Debug|Any CPU
		{88F18B91-AD40-48F5-BE17-601CE573224B}.AppStore|iPhoneSimulator.ActiveCfg = Debug|Any CPU
		{88F18B91-AD40-48F5-BE17-601CE573224B}.AppStore|iPhoneSimulator.Build.0 = Debug|Any CPU
		{88F18B91-AD40-48F5-BE17-601CE573224B}.AppStore|x64.ActiveCfg = Debug|Any CPU
		{88F18B91-AD40-48F5-BE17-601CE573224B}.AppStore|x64.Build.0 = Debug|Any CPU
		{88F18B91-AD40-48F5-BE17-601CE573224B}.AppStore|x86.ActiveCfg = Debug|Any CPU
		{88F18B91-AD40-48F5-BE17-601CE573224B}.AppStore|x86.Build.0 = Debug|Any CPU
		{88F18B91-AD40-48F5-BE17-601CE573224B}.Debug|Any CPU.ActiveCfg = Debug|Any CPU
		{88F18B91-AD40-48F5-BE17-601CE573224B}.Debug|Any CPU.Build.0 = Debug|Any CPU
		{88F18B91-AD40-48F5-BE17-601CE573224B}.Debug|ARM.ActiveCfg = Debug|Any CPU
		{88F18B91-AD40-48F5-BE17-601CE573224B}.Debug|ARM.Build.0 = Debug|Any CPU
		{88F18B91-AD40-48F5-BE17-601CE573224B}.Debug|ARM64.ActiveCfg = Debug|Any CPU
		{88F18B91-AD40-48F5-BE17-601CE573224B}.Debug|ARM64.Build.0 = Debug|Any CPU
		{88F18B91-AD40-48F5-BE17-601CE573224B}.Debug|iPhone.ActiveCfg = Debug|Any CPU
		{88F18B91-AD40-48F5-BE17-601CE573224B}.Debug|iPhone.Build.0 = Debug|Any CPU
		{88F18B91-AD40-48F5-BE17-601CE573224B}.Debug|iPhoneSimulator.ActiveCfg = Debug|Any CPU
		{88F18B91-AD40-48F5-BE17-601CE573224B}.Debug|iPhoneSimulator.Build.0 = Debug|Any CPU
		{88F18B91-AD40-48F5-BE17-601CE573224B}.Debug|x64.ActiveCfg = Debug|Any CPU
		{88F18B91-AD40-48F5-BE17-601CE573224B}.Debug|x64.Build.0 = Debug|Any CPU
		{88F18B91-AD40-48F5-BE17-601CE573224B}.Debug|x86.ActiveCfg = Debug|Any CPU
		{88F18B91-AD40-48F5-BE17-601CE573224B}.Debug|x86.Build.0 = Debug|Any CPU
		{88F18B91-AD40-48F5-BE17-601CE573224B}.Release|Any CPU.ActiveCfg = Release|Any CPU
		{88F18B91-AD40-48F5-BE17-601CE573224B}.Release|Any CPU.Build.0 = Release|Any CPU
		{88F18B91-AD40-48F5-BE17-601CE573224B}.Release|ARM.ActiveCfg = Release|Any CPU
		{88F18B91-AD40-48F5-BE17-601CE573224B}.Release|ARM.Build.0 = Release|Any CPU
		{88F18B91-AD40-48F5-BE17-601CE573224B}.Release|ARM64.ActiveCfg = Release|Any CPU
		{88F18B91-AD40-48F5-BE17-601CE573224B}.Release|ARM64.Build.0 = Release|Any CPU
		{88F18B91-AD40-48F5-BE17-601CE573224B}.Release|iPhone.ActiveCfg = Release|Any CPU
		{88F18B91-AD40-48F5-BE17-601CE573224B}.Release|iPhone.Build.0 = Release|Any CPU
		{88F18B91-AD40-48F5-BE17-601CE573224B}.Release|iPhoneSimulator.ActiveCfg = Release|Any CPU
		{88F18B91-AD40-48F5-BE17-601CE573224B}.Release|iPhoneSimulator.Build.0 = Release|Any CPU
		{88F18B91-AD40-48F5-BE17-601CE573224B}.Release|x64.ActiveCfg = Release|Any CPU
		{88F18B91-AD40-48F5-BE17-601CE573224B}.Release|x64.Build.0 = Release|Any CPU
		{88F18B91-AD40-48F5-BE17-601CE573224B}.Release|x86.ActiveCfg = Release|Any CPU
		{88F18B91-AD40-48F5-BE17-601CE573224B}.Release|x86.Build.0 = Release|Any CPU
		{A5A2EEC3-4D76-494F-98FE-7B7B268B9781}.Ad-Hoc|Any CPU.ActiveCfg = Debug|Any CPU
		{A5A2EEC3-4D76-494F-98FE-7B7B268B9781}.Ad-Hoc|Any CPU.Build.0 = Debug|Any CPU
		{A5A2EEC3-4D76-494F-98FE-7B7B268B9781}.Ad-Hoc|ARM.ActiveCfg = Debug|Any CPU
		{A5A2EEC3-4D76-494F-98FE-7B7B268B9781}.Ad-Hoc|ARM.Build.0 = Debug|Any CPU
		{A5A2EEC3-4D76-494F-98FE-7B7B268B9781}.Ad-Hoc|ARM64.ActiveCfg = Debug|Any CPU
		{A5A2EEC3-4D76-494F-98FE-7B7B268B9781}.Ad-Hoc|ARM64.Build.0 = Debug|Any CPU
		{A5A2EEC3-4D76-494F-98FE-7B7B268B9781}.Ad-Hoc|iPhone.ActiveCfg = Debug|Any CPU
		{A5A2EEC3-4D76-494F-98FE-7B7B268B9781}.Ad-Hoc|iPhone.Build.0 = Debug|Any CPU
		{A5A2EEC3-4D76-494F-98FE-7B7B268B9781}.Ad-Hoc|iPhoneSimulator.ActiveCfg = Debug|Any CPU
		{A5A2EEC3-4D76-494F-98FE-7B7B268B9781}.Ad-Hoc|iPhoneSimulator.Build.0 = Debug|Any CPU
		{A5A2EEC3-4D76-494F-98FE-7B7B268B9781}.Ad-Hoc|x64.ActiveCfg = Debug|Any CPU
		{A5A2EEC3-4D76-494F-98FE-7B7B268B9781}.Ad-Hoc|x64.Build.0 = Debug|Any CPU
		{A5A2EEC3-4D76-494F-98FE-7B7B268B9781}.Ad-Hoc|x86.ActiveCfg = Debug|Any CPU
		{A5A2EEC3-4D76-494F-98FE-7B7B268B9781}.Ad-Hoc|x86.Build.0 = Debug|Any CPU
		{A5A2EEC3-4D76-494F-98FE-7B7B268B9781}.AppStore|Any CPU.ActiveCfg = Debug|Any CPU
		{A5A2EEC3-4D76-494F-98FE-7B7B268B9781}.AppStore|Any CPU.Build.0 = Debug|Any CPU
		{A5A2EEC3-4D76-494F-98FE-7B7B268B9781}.AppStore|ARM.ActiveCfg = Debug|Any CPU
		{A5A2EEC3-4D76-494F-98FE-7B7B268B9781}.AppStore|ARM.Build.0 = Debug|Any CPU
		{A5A2EEC3-4D76-494F-98FE-7B7B268B9781}.AppStore|ARM64.ActiveCfg = Debug|Any CPU
		{A5A2EEC3-4D76-494F-98FE-7B7B268B9781}.AppStore|ARM64.Build.0 = Debug|Any CPU
		{A5A2EEC3-4D76-494F-98FE-7B7B268B9781}.AppStore|iPhone.ActiveCfg = Debug|Any CPU
		{A5A2EEC3-4D76-494F-98FE-7B7B268B9781}.AppStore|iPhone.Build.0 = Debug|Any CPU
		{A5A2EEC3-4D76-494F-98FE-7B7B268B9781}.AppStore|iPhoneSimulator.ActiveCfg = Debug|Any CPU
		{A5A2EEC3-4D76-494F-98FE-7B7B268B9781}.AppStore|iPhoneSimulator.Build.0 = Debug|Any CPU
		{A5A2EEC3-4D76-494F-98FE-7B7B268B9781}.AppStore|x64.ActiveCfg = Debug|Any CPU
		{A5A2EEC3-4D76-494F-98FE-7B7B268B9781}.AppStore|x64.Build.0 = Debug|Any CPU
		{A5A2EEC3-4D76-494F-98FE-7B7B268B9781}.AppStore|x86.ActiveCfg = Debug|Any CPU
		{A5A2EEC3-4D76-494F-98FE-7B7B268B9781}.AppStore|x86.Build.0 = Debug|Any CPU
		{A5A2EEC3-4D76-494F-98FE-7B7B268B9781}.Debug|Any CPU.ActiveCfg = Debug|Any CPU
		{A5A2EEC3-4D76-494F-98FE-7B7B268B9781}.Debug|Any CPU.Build.0 = Debug|Any CPU
		{A5A2EEC3-4D76-494F-98FE-7B7B268B9781}.Debug|ARM.ActiveCfg = Debug|Any CPU
		{A5A2EEC3-4D76-494F-98FE-7B7B268B9781}.Debug|ARM.Build.0 = Debug|Any CPU
		{A5A2EEC3-4D76-494F-98FE-7B7B268B9781}.Debug|ARM64.ActiveCfg = Debug|Any CPU
		{A5A2EEC3-4D76-494F-98FE-7B7B268B9781}.Debug|ARM64.Build.0 = Debug|Any CPU
		{A5A2EEC3-4D76-494F-98FE-7B7B268B9781}.Debug|iPhone.ActiveCfg = Debug|Any CPU
		{A5A2EEC3-4D76-494F-98FE-7B7B268B9781}.Debug|iPhone.Build.0 = Debug|Any CPU
		{A5A2EEC3-4D76-494F-98FE-7B7B268B9781}.Debug|iPhoneSimulator.ActiveCfg = Debug|Any CPU
		{A5A2EEC3-4D76-494F-98FE-7B7B268B9781}.Debug|iPhoneSimulator.Build.0 = Debug|Any CPU
		{A5A2EEC3-4D76-494F-98FE-7B7B268B9781}.Debug|x64.ActiveCfg = Debug|Any CPU
		{A5A2EEC3-4D76-494F-98FE-7B7B268B9781}.Debug|x64.Build.0 = Debug|Any CPU
		{A5A2EEC3-4D76-494F-98FE-7B7B268B9781}.Debug|x86.ActiveCfg = Debug|Any CPU
		{A5A2EEC3-4D76-494F-98FE-7B7B268B9781}.Debug|x86.Build.0 = Debug|Any CPU
		{A5A2EEC3-4D76-494F-98FE-7B7B268B9781}.Release|Any CPU.ActiveCfg = Release|Any CPU
		{A5A2EEC3-4D76-494F-98FE-7B7B268B9781}.Release|Any CPU.Build.0 = Release|Any CPU
		{A5A2EEC3-4D76-494F-98FE-7B7B268B9781}.Release|ARM.ActiveCfg = Release|Any CPU
		{A5A2EEC3-4D76-494F-98FE-7B7B268B9781}.Release|ARM.Build.0 = Release|Any CPU
		{A5A2EEC3-4D76-494F-98FE-7B7B268B9781}.Release|ARM64.ActiveCfg = Release|Any CPU
		{A5A2EEC3-4D76-494F-98FE-7B7B268B9781}.Release|ARM64.Build.0 = Release|Any CPU
		{A5A2EEC3-4D76-494F-98FE-7B7B268B9781}.Release|iPhone.ActiveCfg = Release|Any CPU
		{A5A2EEC3-4D76-494F-98FE-7B7B268B9781}.Release|iPhone.Build.0 = Release|Any CPU
		{A5A2EEC3-4D76-494F-98FE-7B7B268B9781}.Release|iPhoneSimulator.ActiveCfg = Release|Any CPU
		{A5A2EEC3-4D76-494F-98FE-7B7B268B9781}.Release|iPhoneSimulator.Build.0 = Release|Any CPU
		{A5A2EEC3-4D76-494F-98FE-7B7B268B9781}.Release|x64.ActiveCfg = Release|Any CPU
		{A5A2EEC3-4D76-494F-98FE-7B7B268B9781}.Release|x64.Build.0 = Release|Any CPU
		{A5A2EEC3-4D76-494F-98FE-7B7B268B9781}.Release|x86.ActiveCfg = Release|Any CPU
		{A5A2EEC3-4D76-494F-98FE-7B7B268B9781}.Release|x86.Build.0 = Release|Any CPU
		{98FF1EF2-76A8-4CDF-9663-28AFE0142970}.Ad-Hoc|Any CPU.ActiveCfg = Debug|Any CPU
		{98FF1EF2-76A8-4CDF-9663-28AFE0142970}.Ad-Hoc|Any CPU.Build.0 = Debug|Any CPU
		{98FF1EF2-76A8-4CDF-9663-28AFE0142970}.Ad-Hoc|ARM.ActiveCfg = Debug|Any CPU
		{98FF1EF2-76A8-4CDF-9663-28AFE0142970}.Ad-Hoc|ARM.Build.0 = Debug|Any CPU
		{98FF1EF2-76A8-4CDF-9663-28AFE0142970}.Ad-Hoc|ARM64.ActiveCfg = Debug|Any CPU
		{98FF1EF2-76A8-4CDF-9663-28AFE0142970}.Ad-Hoc|ARM64.Build.0 = Debug|Any CPU
		{98FF1EF2-76A8-4CDF-9663-28AFE0142970}.Ad-Hoc|iPhone.ActiveCfg = Debug|Any CPU
		{98FF1EF2-76A8-4CDF-9663-28AFE0142970}.Ad-Hoc|iPhone.Build.0 = Debug|Any CPU
		{98FF1EF2-76A8-4CDF-9663-28AFE0142970}.Ad-Hoc|iPhoneSimulator.ActiveCfg = Debug|Any CPU
		{98FF1EF2-76A8-4CDF-9663-28AFE0142970}.Ad-Hoc|iPhoneSimulator.Build.0 = Debug|Any CPU
		{98FF1EF2-76A8-4CDF-9663-28AFE0142970}.Ad-Hoc|x64.ActiveCfg = Debug|Any CPU
		{98FF1EF2-76A8-4CDF-9663-28AFE0142970}.Ad-Hoc|x64.Build.0 = Debug|Any CPU
		{98FF1EF2-76A8-4CDF-9663-28AFE0142970}.Ad-Hoc|x86.ActiveCfg = Debug|Any CPU
		{98FF1EF2-76A8-4CDF-9663-28AFE0142970}.Ad-Hoc|x86.Build.0 = Debug|Any CPU
		{98FF1EF2-76A8-4CDF-9663-28AFE0142970}.AppStore|Any CPU.ActiveCfg = Debug|Any CPU
		{98FF1EF2-76A8-4CDF-9663-28AFE0142970}.AppStore|Any CPU.Build.0 = Debug|Any CPU
		{98FF1EF2-76A8-4CDF-9663-28AFE0142970}.AppStore|ARM.ActiveCfg = Debug|Any CPU
		{98FF1EF2-76A8-4CDF-9663-28AFE0142970}.AppStore|ARM.Build.0 = Debug|Any CPU
		{98FF1EF2-76A8-4CDF-9663-28AFE0142970}.AppStore|ARM64.ActiveCfg = Debug|Any CPU
		{98FF1EF2-76A8-4CDF-9663-28AFE0142970}.AppStore|ARM64.Build.0 = Debug|Any CPU
		{98FF1EF2-76A8-4CDF-9663-28AFE0142970}.AppStore|iPhone.ActiveCfg = Debug|Any CPU
		{98FF1EF2-76A8-4CDF-9663-28AFE0142970}.AppStore|iPhone.Build.0 = Debug|Any CPU
		{98FF1EF2-76A8-4CDF-9663-28AFE0142970}.AppStore|iPhoneSimulator.ActiveCfg = Debug|Any CPU
		{98FF1EF2-76A8-4CDF-9663-28AFE0142970}.AppStore|iPhoneSimulator.Build.0 = Debug|Any CPU
		{98FF1EF2-76A8-4CDF-9663-28AFE0142970}.AppStore|x64.ActiveCfg = Debug|Any CPU
		{98FF1EF2-76A8-4CDF-9663-28AFE0142970}.AppStore|x64.Build.0 = Debug|Any CPU
		{98FF1EF2-76A8-4CDF-9663-28AFE0142970}.AppStore|x86.ActiveCfg = Debug|Any CPU
		{98FF1EF2-76A8-4CDF-9663-28AFE0142970}.AppStore|x86.Build.0 = Debug|Any CPU
		{98FF1EF2-76A8-4CDF-9663-28AFE0142970}.Debug|Any CPU.ActiveCfg = Debug|Any CPU
		{98FF1EF2-76A8-4CDF-9663-28AFE0142970}.Debug|Any CPU.Build.0 = Debug|Any CPU
		{98FF1EF2-76A8-4CDF-9663-28AFE0142970}.Debug|ARM.ActiveCfg = Debug|Any CPU
		{98FF1EF2-76A8-4CDF-9663-28AFE0142970}.Debug|ARM.Build.0 = Debug|Any CPU
		{98FF1EF2-76A8-4CDF-9663-28AFE0142970}.Debug|ARM64.ActiveCfg = Debug|Any CPU
		{98FF1EF2-76A8-4CDF-9663-28AFE0142970}.Debug|ARM64.Build.0 = Debug|Any CPU
		{98FF1EF2-76A8-4CDF-9663-28AFE0142970}.Debug|iPhone.ActiveCfg = Debug|Any CPU
		{98FF1EF2-76A8-4CDF-9663-28AFE0142970}.Debug|iPhone.Build.0 = Debug|Any CPU
		{98FF1EF2-76A8-4CDF-9663-28AFE0142970}.Debug|iPhoneSimulator.ActiveCfg = Debug|Any CPU
		{98FF1EF2-76A8-4CDF-9663-28AFE0142970}.Debug|iPhoneSimulator.Build.0 = Debug|Any CPU
		{98FF1EF2-76A8-4CDF-9663-28AFE0142970}.Debug|x64.ActiveCfg = Debug|Any CPU
		{98FF1EF2-76A8-4CDF-9663-28AFE0142970}.Debug|x64.Build.0 = Debug|Any CPU
		{98FF1EF2-76A8-4CDF-9663-28AFE0142970}.Debug|x86.ActiveCfg = Debug|Any CPU
		{98FF1EF2-76A8-4CDF-9663-28AFE0142970}.Debug|x86.Build.0 = Debug|Any CPU
		{98FF1EF2-76A8-4CDF-9663-28AFE0142970}.Release|Any CPU.ActiveCfg = Release|Any CPU
		{98FF1EF2-76A8-4CDF-9663-28AFE0142970}.Release|Any CPU.Build.0 = Release|Any CPU
		{98FF1EF2-76A8-4CDF-9663-28AFE0142970}.Release|ARM.ActiveCfg = Release|Any CPU
		{98FF1EF2-76A8-4CDF-9663-28AFE0142970}.Release|ARM.Build.0 = Release|Any CPU
		{98FF1EF2-76A8-4CDF-9663-28AFE0142970}.Release|ARM64.ActiveCfg = Release|Any CPU
		{98FF1EF2-76A8-4CDF-9663-28AFE0142970}.Release|ARM64.Build.0 = Release|Any CPU
		{98FF1EF2-76A8-4CDF-9663-28AFE0142970}.Release|iPhone.ActiveCfg = Release|Any CPU
		{98FF1EF2-76A8-4CDF-9663-28AFE0142970}.Release|iPhone.Build.0 = Release|Any CPU
		{98FF1EF2-76A8-4CDF-9663-28AFE0142970}.Release|iPhoneSimulator.ActiveCfg = Release|Any CPU
		{98FF1EF2-76A8-4CDF-9663-28AFE0142970}.Release|iPhoneSimulator.Build.0 = Release|Any CPU
		{98FF1EF2-76A8-4CDF-9663-28AFE0142970}.Release|x64.ActiveCfg = Release|Any CPU
		{98FF1EF2-76A8-4CDF-9663-28AFE0142970}.Release|x64.Build.0 = Release|Any CPU
		{98FF1EF2-76A8-4CDF-9663-28AFE0142970}.Release|x86.ActiveCfg = Release|Any CPU
		{98FF1EF2-76A8-4CDF-9663-28AFE0142970}.Release|x86.Build.0 = Release|Any CPU
		{8A51A26C-AB34-49A4-9A0D-78DED3BBC0D4}.Ad-Hoc|Any CPU.ActiveCfg = Debug|Any CPU
		{8A51A26C-AB34-49A4-9A0D-78DED3BBC0D4}.Ad-Hoc|Any CPU.Build.0 = Debug|Any CPU
		{8A51A26C-AB34-49A4-9A0D-78DED3BBC0D4}.Ad-Hoc|ARM.ActiveCfg = Debug|Any CPU
		{8A51A26C-AB34-49A4-9A0D-78DED3BBC0D4}.Ad-Hoc|ARM.Build.0 = Debug|Any CPU
		{8A51A26C-AB34-49A4-9A0D-78DED3BBC0D4}.Ad-Hoc|ARM64.ActiveCfg = Debug|Any CPU
		{8A51A26C-AB34-49A4-9A0D-78DED3BBC0D4}.Ad-Hoc|ARM64.Build.0 = Debug|Any CPU
		{8A51A26C-AB34-49A4-9A0D-78DED3BBC0D4}.Ad-Hoc|iPhone.ActiveCfg = Debug|Any CPU
		{8A51A26C-AB34-49A4-9A0D-78DED3BBC0D4}.Ad-Hoc|iPhone.Build.0 = Debug|Any CPU
		{8A51A26C-AB34-49A4-9A0D-78DED3BBC0D4}.Ad-Hoc|iPhoneSimulator.ActiveCfg = Debug|Any CPU
		{8A51A26C-AB34-49A4-9A0D-78DED3BBC0D4}.Ad-Hoc|iPhoneSimulator.Build.0 = Debug|Any CPU
		{8A51A26C-AB34-49A4-9A0D-78DED3BBC0D4}.Ad-Hoc|x64.ActiveCfg = Debug|Any CPU
		{8A51A26C-AB34-49A4-9A0D-78DED3BBC0D4}.Ad-Hoc|x64.Build.0 = Debug|Any CPU
		{8A51A26C-AB34-49A4-9A0D-78DED3BBC0D4}.Ad-Hoc|x86.ActiveCfg = Debug|Any CPU
		{8A51A26C-AB34-49A4-9A0D-78DED3BBC0D4}.Ad-Hoc|x86.Build.0 = Debug|Any CPU
		{8A51A26C-AB34-49A4-9A0D-78DED3BBC0D4}.AppStore|Any CPU.ActiveCfg = Debug|Any CPU
		{8A51A26C-AB34-49A4-9A0D-78DED3BBC0D4}.AppStore|Any CPU.Build.0 = Debug|Any CPU
		{8A51A26C-AB34-49A4-9A0D-78DED3BBC0D4}.AppStore|ARM.ActiveCfg = Debug|Any CPU
		{8A51A26C-AB34-49A4-9A0D-78DED3BBC0D4}.AppStore|ARM.Build.0 = Debug|Any CPU
		{8A51A26C-AB34-49A4-9A0D-78DED3BBC0D4}.AppStore|ARM64.ActiveCfg = Debug|Any CPU
		{8A51A26C-AB34-49A4-9A0D-78DED3BBC0D4}.AppStore|ARM64.Build.0 = Debug|Any CPU
		{8A51A26C-AB34-49A4-9A0D-78DED3BBC0D4}.AppStore|iPhone.ActiveCfg = Debug|Any CPU
		{8A51A26C-AB34-49A4-9A0D-78DED3BBC0D4}.AppStore|iPhone.Build.0 = Debug|Any CPU
		{8A51A26C-AB34-49A4-9A0D-78DED3BBC0D4}.AppStore|iPhoneSimulator.ActiveCfg = Debug|Any CPU
		{8A51A26C-AB34-49A4-9A0D-78DED3BBC0D4}.AppStore|iPhoneSimulator.Build.0 = Debug|Any CPU
		{8A51A26C-AB34-49A4-9A0D-78DED3BBC0D4}.AppStore|x64.ActiveCfg = Debug|Any CPU
		{8A51A26C-AB34-49A4-9A0D-78DED3BBC0D4}.AppStore|x64.Build.0 = Debug|Any CPU
		{8A51A26C-AB34-49A4-9A0D-78DED3BBC0D4}.AppStore|x86.ActiveCfg = Debug|Any CPU
		{8A51A26C-AB34-49A4-9A0D-78DED3BBC0D4}.AppStore|x86.Build.0 = Debug|Any CPU
		{8A51A26C-AB34-49A4-9A0D-78DED3BBC0D4}.Debug|Any CPU.ActiveCfg = Debug|Any CPU
		{8A51A26C-AB34-49A4-9A0D-78DED3BBC0D4}.Debug|Any CPU.Build.0 = Debug|Any CPU
		{8A51A26C-AB34-49A4-9A0D-78DED3BBC0D4}.Debug|ARM.ActiveCfg = Debug|Any CPU
		{8A51A26C-AB34-49A4-9A0D-78DED3BBC0D4}.Debug|ARM.Build.0 = Debug|Any CPU
		{8A51A26C-AB34-49A4-9A0D-78DED3BBC0D4}.Debug|ARM64.ActiveCfg = Debug|Any CPU
		{8A51A26C-AB34-49A4-9A0D-78DED3BBC0D4}.Debug|ARM64.Build.0 = Debug|Any CPU
		{8A51A26C-AB34-49A4-9A0D-78DED3BBC0D4}.Debug|iPhone.ActiveCfg = Debug|Any CPU
		{8A51A26C-AB34-49A4-9A0D-78DED3BBC0D4}.Debug|iPhone.Build.0 = Debug|Any CPU
		{8A51A26C-AB34-49A4-9A0D-78DED3BBC0D4}.Debug|iPhoneSimulator.ActiveCfg = Debug|Any CPU
		{8A51A26C-AB34-49A4-9A0D-78DED3BBC0D4}.Debug|iPhoneSimulator.Build.0 = Debug|Any CPU
		{8A51A26C-AB34-49A4-9A0D-78DED3BBC0D4}.Debug|x64.ActiveCfg = Debug|Any CPU
		{8A51A26C-AB34-49A4-9A0D-78DED3BBC0D4}.Debug|x64.Build.0 = Debug|Any CPU
		{8A51A26C-AB34-49A4-9A0D-78DED3BBC0D4}.Debug|x86.ActiveCfg = Debug|Any CPU
		{8A51A26C-AB34-49A4-9A0D-78DED3BBC0D4}.Debug|x86.Build.0 = Debug|Any CPU
		{8A51A26C-AB34-49A4-9A0D-78DED3BBC0D4}.Release|Any CPU.ActiveCfg = Release|Any CPU
		{8A51A26C-AB34-49A4-9A0D-78DED3BBC0D4}.Release|Any CPU.Build.0 = Release|Any CPU
		{8A51A26C-AB34-49A4-9A0D-78DED3BBC0D4}.Release|ARM.ActiveCfg = Release|Any CPU
		{8A51A26C-AB34-49A4-9A0D-78DED3BBC0D4}.Release|ARM.Build.0 = Release|Any CPU
		{8A51A26C-AB34-49A4-9A0D-78DED3BBC0D4}.Release|ARM64.ActiveCfg = Release|Any CPU
		{8A51A26C-AB34-49A4-9A0D-78DED3BBC0D4}.Release|ARM64.Build.0 = Release|Any CPU
		{8A51A26C-AB34-49A4-9A0D-78DED3BBC0D4}.Release|iPhone.ActiveCfg = Release|Any CPU
		{8A51A26C-AB34-49A4-9A0D-78DED3BBC0D4}.Release|iPhone.Build.0 = Release|Any CPU
		{8A51A26C-AB34-49A4-9A0D-78DED3BBC0D4}.Release|iPhoneSimulator.ActiveCfg = Release|Any CPU
		{8A51A26C-AB34-49A4-9A0D-78DED3BBC0D4}.Release|iPhoneSimulator.Build.0 = Release|Any CPU
		{8A51A26C-AB34-49A4-9A0D-78DED3BBC0D4}.Release|x64.ActiveCfg = Release|Any CPU
		{8A51A26C-AB34-49A4-9A0D-78DED3BBC0D4}.Release|x64.Build.0 = Release|Any CPU
		{8A51A26C-AB34-49A4-9A0D-78DED3BBC0D4}.Release|x86.ActiveCfg = Release|Any CPU
		{8A51A26C-AB34-49A4-9A0D-78DED3BBC0D4}.Release|x86.Build.0 = Release|Any CPU
		{36B63090-1D6A-40C0-B364-0DB24DE600B9}.Ad-Hoc|Any CPU.ActiveCfg = Debug|Any CPU
		{36B63090-1D6A-40C0-B364-0DB24DE600B9}.Ad-Hoc|Any CPU.Build.0 = Debug|Any CPU
		{36B63090-1D6A-40C0-B364-0DB24DE600B9}.Ad-Hoc|ARM.ActiveCfg = Debug|Any CPU
		{36B63090-1D6A-40C0-B364-0DB24DE600B9}.Ad-Hoc|ARM.Build.0 = Debug|Any CPU
		{36B63090-1D6A-40C0-B364-0DB24DE600B9}.Ad-Hoc|ARM64.ActiveCfg = Debug|Any CPU
		{36B63090-1D6A-40C0-B364-0DB24DE600B9}.Ad-Hoc|ARM64.Build.0 = Debug|Any CPU
		{36B63090-1D6A-40C0-B364-0DB24DE600B9}.Ad-Hoc|iPhone.ActiveCfg = Debug|Any CPU
		{36B63090-1D6A-40C0-B364-0DB24DE600B9}.Ad-Hoc|iPhone.Build.0 = Debug|Any CPU
		{36B63090-1D6A-40C0-B364-0DB24DE600B9}.Ad-Hoc|iPhoneSimulator.ActiveCfg = Debug|Any CPU
		{36B63090-1D6A-40C0-B364-0DB24DE600B9}.Ad-Hoc|iPhoneSimulator.Build.0 = Debug|Any CPU
		{36B63090-1D6A-40C0-B364-0DB24DE600B9}.Ad-Hoc|x64.ActiveCfg = Debug|Any CPU
		{36B63090-1D6A-40C0-B364-0DB24DE600B9}.Ad-Hoc|x64.Build.0 = Debug|Any CPU
		{36B63090-1D6A-40C0-B364-0DB24DE600B9}.Ad-Hoc|x86.ActiveCfg = Debug|Any CPU
		{36B63090-1D6A-40C0-B364-0DB24DE600B9}.Ad-Hoc|x86.Build.0 = Debug|Any CPU
		{36B63090-1D6A-40C0-B364-0DB24DE600B9}.AppStore|Any CPU.ActiveCfg = Debug|Any CPU
		{36B63090-1D6A-40C0-B364-0DB24DE600B9}.AppStore|Any CPU.Build.0 = Debug|Any CPU
		{36B63090-1D6A-40C0-B364-0DB24DE600B9}.AppStore|ARM.ActiveCfg = Debug|Any CPU
		{36B63090-1D6A-40C0-B364-0DB24DE600B9}.AppStore|ARM.Build.0 = Debug|Any CPU
		{36B63090-1D6A-40C0-B364-0DB24DE600B9}.AppStore|ARM64.ActiveCfg = Debug|Any CPU
		{36B63090-1D6A-40C0-B364-0DB24DE600B9}.AppStore|ARM64.Build.0 = Debug|Any CPU
		{36B63090-1D6A-40C0-B364-0DB24DE600B9}.AppStore|iPhone.ActiveCfg = Debug|Any CPU
		{36B63090-1D6A-40C0-B364-0DB24DE600B9}.AppStore|iPhone.Build.0 = Debug|Any CPU
		{36B63090-1D6A-40C0-B364-0DB24DE600B9}.AppStore|iPhoneSimulator.ActiveCfg = Debug|Any CPU
		{36B63090-1D6A-40C0-B364-0DB24DE600B9}.AppStore|iPhoneSimulator.Build.0 = Debug|Any CPU
		{36B63090-1D6A-40C0-B364-0DB24DE600B9}.AppStore|x64.ActiveCfg = Debug|Any CPU
		{36B63090-1D6A-40C0-B364-0DB24DE600B9}.AppStore|x64.Build.0 = Debug|Any CPU
		{36B63090-1D6A-40C0-B364-0DB24DE600B9}.AppStore|x86.ActiveCfg = Debug|Any CPU
		{36B63090-1D6A-40C0-B364-0DB24DE600B9}.AppStore|x86.Build.0 = Debug|Any CPU
		{36B63090-1D6A-40C0-B364-0DB24DE600B9}.Debug|Any CPU.ActiveCfg = Debug|Any CPU
		{36B63090-1D6A-40C0-B364-0DB24DE600B9}.Debug|Any CPU.Build.0 = Debug|Any CPU
		{36B63090-1D6A-40C0-B364-0DB24DE600B9}.Debug|ARM.ActiveCfg = Debug|Any CPU
		{36B63090-1D6A-40C0-B364-0DB24DE600B9}.Debug|ARM.Build.0 = Debug|Any CPU
		{36B63090-1D6A-40C0-B364-0DB24DE600B9}.Debug|ARM64.ActiveCfg = Debug|Any CPU
		{36B63090-1D6A-40C0-B364-0DB24DE600B9}.Debug|ARM64.Build.0 = Debug|Any CPU
		{36B63090-1D6A-40C0-B364-0DB24DE600B9}.Debug|iPhone.ActiveCfg = Debug|Any CPU
		{36B63090-1D6A-40C0-B364-0DB24DE600B9}.Debug|iPhone.Build.0 = Debug|Any CPU
		{36B63090-1D6A-40C0-B364-0DB24DE600B9}.Debug|iPhoneSimulator.ActiveCfg = Debug|Any CPU
		{36B63090-1D6A-40C0-B364-0DB24DE600B9}.Debug|iPhoneSimulator.Build.0 = Debug|Any CPU
		{36B63090-1D6A-40C0-B364-0DB24DE600B9}.Debug|x64.ActiveCfg = Debug|Any CPU
		{36B63090-1D6A-40C0-B364-0DB24DE600B9}.Debug|x64.Build.0 = Debug|Any CPU
		{36B63090-1D6A-40C0-B364-0DB24DE600B9}.Debug|x86.ActiveCfg = Debug|Any CPU
		{36B63090-1D6A-40C0-B364-0DB24DE600B9}.Debug|x86.Build.0 = Debug|Any CPU
		{36B63090-1D6A-40C0-B364-0DB24DE600B9}.Release|Any CPU.ActiveCfg = Release|Any CPU
		{36B63090-1D6A-40C0-B364-0DB24DE600B9}.Release|Any CPU.Build.0 = Release|Any CPU
		{36B63090-1D6A-40C0-B364-0DB24DE600B9}.Release|ARM.ActiveCfg = Release|Any CPU
		{36B63090-1D6A-40C0-B364-0DB24DE600B9}.Release|ARM.Build.0 = Release|Any CPU
		{36B63090-1D6A-40C0-B364-0DB24DE600B9}.Release|ARM64.ActiveCfg = Release|Any CPU
		{36B63090-1D6A-40C0-B364-0DB24DE600B9}.Release|ARM64.Build.0 = Release|Any CPU
		{36B63090-1D6A-40C0-B364-0DB24DE600B9}.Release|iPhone.ActiveCfg = Release|Any CPU
		{36B63090-1D6A-40C0-B364-0DB24DE600B9}.Release|iPhone.Build.0 = Release|Any CPU
		{36B63090-1D6A-40C0-B364-0DB24DE600B9}.Release|iPhoneSimulator.ActiveCfg = Release|Any CPU
		{36B63090-1D6A-40C0-B364-0DB24DE600B9}.Release|iPhoneSimulator.Build.0 = Release|Any CPU
		{36B63090-1D6A-40C0-B364-0DB24DE600B9}.Release|x64.ActiveCfg = Release|Any CPU
		{36B63090-1D6A-40C0-B364-0DB24DE600B9}.Release|x64.Build.0 = Release|Any CPU
		{36B63090-1D6A-40C0-B364-0DB24DE600B9}.Release|x86.ActiveCfg = Release|Any CPU
		{36B63090-1D6A-40C0-B364-0DB24DE600B9}.Release|x86.Build.0 = Release|Any CPU
	EndGlobalSection
	GlobalSection(SolutionProperties) = preSolution
		HideSolutionNode = FALSE
	EndGlobalSection
	GlobalSection(NestedProjects) = preSolution
		{2CCD5180-E29F-4640-B586-A8D0FEBDD352} = {AE06CEF7-F8D1-45F5-9C5F-B29596279E56}
		{B410197B-2A12-4A37-A31C-7F6703C454AE} = {AE06CEF7-F8D1-45F5-9C5F-B29596279E56}
		{A44D79E4-67A6-4AF6-90F5-A19FAE9E5D97} = {AE06CEF7-F8D1-45F5-9C5F-B29596279E56}
		{FE67E335-E191-44BE-BB80-B47A1F6A9BAC} = {AE06CEF7-F8D1-45F5-9C5F-B29596279E56}
		{F1212DC4-098E-4301-86DE-F8586CBFFD30} = {AE06CEF7-F8D1-45F5-9C5F-B29596279E56}
		{88F18B91-AD40-48F5-BE17-601CE573224B} = {AE06CEF7-F8D1-45F5-9C5F-B29596279E56}
		{A5A2EEC3-4D76-494F-98FE-7B7B268B9781} = {AE06CEF7-F8D1-45F5-9C5F-B29596279E56}
		{98FF1EF2-76A8-4CDF-9663-28AFE0142970} = {AE06CEF7-F8D1-45F5-9C5F-B29596279E56}
		{8A51A26C-AB34-49A4-9A0D-78DED3BBC0D4} = {AE06CEF7-F8D1-45F5-9C5F-B29596279E56}
	EndGlobalSection
	GlobalSection(ExtensibilityGlobals) = postSolution
		SolutionGuid = {55D38640-2FE6-4BB6-A30D-F57AD87858CF}
	EndGlobalSection
EndGlobal
